# This file was autogenerated by uv via the following command:
#    uv pip compile --output-file requirements.lock pyproject.toml
aiofiles==23.2.1
    # via gradio
aiohappyeyeballs==2.4.6
    # via aiohttp
aiohttp==3.11.12
    # via
    #   instructor
    #   langchain
    #   openapi-llm
aiosignal==1.3.2
    # via aiohttp
amqp==5.3.1
    # via kombu
annotated-types==0.7.0
    # via pydantic
anyio==4.8.0
    # via
    #   gradio
    #   httpx
    #   langfuse
    #   openai
    #   starlette
    #   watchfiles
asgiref==3.8.1
    # via django
asttokens==3.0.0
    # via stack-data
attrs==25.1.0
    # via
    #   aiohttp
    #   jsonschema
    #   referencing
backoff==2.2.1
    # via
    #   langfuse
    #   posthog
backports-tarfile==1.2.0
    # via jaraco-context
billiard==4.2.1
    # via celery
black==25.1.0
    # via mindframe (pyproject.toml)
boto3==1.36.26
    # via mindframe (pyproject.toml)
botocore==1.36.26
    # via
    #   boto3
    #   s3transfer
build==1.2.2.post1
    # via poetry
cachecontrol==0.14.2
    # via poetry
celery==5.4.0
    # via mindframe (pyproject.toml)
certifi==2025.1.31
    # via
    #   httpcore
    #   httpx
    #   requests
cffi==1.17.1
    # via xattr
charset-normalizer==3.4.1
    # via requests
cleo==2.1.0
    # via poetry
click==8.1.8
    # via
    #   black
    #   celery
    #   click-didyoumean
    #   click-plugins
    #   click-repl
    #   nltk
    #   typer
    #   uvicorn
click-didyoumean==0.3.1
    # via celery
click-plugins==1.1.1
    # via celery
click-repl==0.3.0
    # via celery
colorlog==6.9.0
    # via mindframe (pyproject.toml)
crashtest==0.4.1
    # via cleo
crispy-bootstrap5==2024.10
    # via mindframe (pyproject.toml)
decorator==5.2.0
    # via ipython
distlib==0.3.9
    # via virtualenv
distro==1.9.0
    # via openai
dj-database-url==2.3.0
    # via mindframe (pyproject.toml)
django==5.1.6
    # via
    #   mindframe (pyproject.toml)
    #   crispy-bootstrap5
    #   dj-database-url
    #   django-appconf
    #   django-compressor
    #   django-crispy-forms
    #   django-debug-toolbar
    #   django-extensions
    #   django-hijack
    #   django-lifecycle
    #   django-magiclink
    #   django-ninja
    #   django-shortuuidfield
    #   django-storages
    #   django-treebeard
django-appconf==1.1.0
    # via django-compressor
django-autoslug==1.9.9
    # via mindframe (pyproject.toml)
django-compressor==4.5.1
    # via mindframe (pyproject.toml)
django-crispy-forms==2.3
    # via
    #   mindframe (pyproject.toml)
    #   crispy-bootstrap5
django-debug-toolbar==5.0.1
    # via mindframe (pyproject.toml)
django-environ==0.12.0
    # via mindframe (pyproject.toml)
django-extensions==3.2.3
    # via mindframe (pyproject.toml)
django-hijack==3.7.1
    # via mindframe (pyproject.toml)
django-lifecycle==1.2.4
    # via mindframe (pyproject.toml)
django-magiclink @ git+https://github.com/benwhalley/django-magiclink.git@3303f53b3040b0a52cef52ff6994154e68970dc5
    # via mindframe (pyproject.toml)
django-ninja==1.3.0
    # via mindframe (pyproject.toml)
django-shortuuidfield==0.1.3
    # via mindframe (pyproject.toml)
django-storages==1.14.5
    # via mindframe (pyproject.toml)
django-treebeard==4.7.1
    # via mindframe (pyproject.toml)
djmail==2.0.0
    # via mindframe (pyproject.toml)
docstring-parser==0.16
    # via instructor
dulwich==0.22.7
    # via poetry
executing==2.2.0
    # via stack-data
fastapi==0.115.8
    # via gradio
fastjsonschema==2.21.1
    # via poetry
ffmpy==0.5.0
    # via gradio
filelock==3.17.0
    # via
    #   cachecontrol
    #   huggingface-hub
    #   virtualenv
findpython==0.6.2
    # via poetry
frozenlist==1.5.0
    # via
    #   aiohttp
    #   aiosignal
fsspec==2025.2.0
    # via
    #   gradio-client
    #   huggingface-hub
gradio==5.17.1
    # via mindframe (pyproject.toml)
gradio-client==1.7.1
    # via gradio
h11==0.14.0
    # via
    #   httpcore
    #   uvicorn
haystack-ai==2.10.3
    # via
    #   mindframe (pyproject.toml)
    #   haystack-experimental
    #   pgvector-haystack
haystack-experimental==0.6.0
    # via haystack-ai
httpcore==1.0.7
    # via httpx
httpx==0.28.1
    # via
    #   gradio
    #   gradio-client
    #   langfuse
    #   langsmith
    #   openai
    #   pbs-installer
    #   python-telegram-bot
    #   safehttpx
huggingface-hub==0.29.1
    # via
    #   gradio
    #   gradio-client
idna==3.10
    # via
    #   anyio
    #   httpx
    #   langfuse
    #   requests
    #   yarl
importlib-metadata==8.6.1
    # via keyring
installer==0.7.0
    # via poetry
instructor==1.7.2
    # via mindframe (pyproject.toml)
ipython==8.32.0
    # via mindframe (pyproject.toml)
jaraco-classes==3.4.0
    # via keyring
jaraco-context==6.0.1
    # via keyring
jaraco-functools==4.1.0
    # via keyring
jedi==0.19.2
    # via ipython
jinja2==3.1.5
    # via
    #   gradio
    #   haystack-ai
    #   instructor
jiter==0.8.2
    # via
    #   instructor
    #   openai
jmespath==1.0.1
    # via
    #   boto3
    #   botocore
joblib==1.4.2
    # via nltk
jsonpatch==1.33
    # via langchain-core
jsonpointer==3.0.0
    # via jsonpatch
jsonref==1.1.0
    # via openapi-llm
jsonschema==4.23.0
    # via haystack-ai
jsonschema-specifications==2024.10.1
    # via jsonschema
keyring==25.6.0
    # via poetry
kombu==5.4.2
    # via celery
langchain==0.3.19
    # via mindframe (pyproject.toml)
langchain-core==0.3.37
    # via
    #   langchain
    #   langchain-text-splitters
langchain-text-splitters==0.3.6
    # via langchain
langfuse==2.59.3
    # via mindframe (pyproject.toml)
langsmith==0.3.10
    # via
    #   langchain
    #   langchain-core
lazy-imports==0.4.0
    # via haystack-ai
markdown-it-py==3.0.0
    # via rich
markupsafe==2.1.5
    # via
    #   gradio
    #   jinja2
    #   werkzeug
matplotlib-inline==0.1.7
    # via ipython
mdurl==0.1.2
    # via markdown-it-py
monotonic==1.6
    # via posthog
more-itertools==10.6.0
    # via
    #   haystack-ai
    #   jaraco-classes
    #   jaraco-functools
msgpack==1.1.0
    # via cachecontrol
multidict==6.1.0
    # via
    #   aiohttp
    #   yarl
mypy-extensions==1.0.0
    # via black
networkx==3.4.2
    # via haystack-ai
nltk==3.9.1
    # via mindframe (pyproject.toml)
numpy==1.26.4
    # via
    #   gradio
    #   haystack-ai
    #   langchain
    #   pandas
    #   pgvector
openai==1.63.2
    # via
    #   haystack-ai
    #   instructor
openapi-llm==0.4.1
    # via haystack-ai
orjson==3.10.15
    # via
    #   gradio
    #   langsmith
packaging==24.2
    # via
    #   black
    #   build
    #   django-magiclink
    #   findpython
    #   gradio
    #   gradio-client
    #   huggingface-hub
    #   langchain-core
    #   langfuse
    #   poetry
pandas==2.2.3
    # via
    #   gradio
    #   haystack-ai
pandoc==2.4
    # via mindframe (pyproject.toml)
parso==0.8.4
    # via jedi
pathspec==0.12.1
    # via black
pbs-installer==2025.2.12
    # via poetry
pexpect==4.9.0
    # via ipython
pgvector==0.3.6
    # via
    #   mindframe (pyproject.toml)
    #   pgvector-haystack
pgvector-haystack==2.0.0
    # via mindframe (pyproject.toml)
pillow==11.1.0
    # via gradio
pkginfo==1.12.1.2
    # via poetry
platformdirs==4.3.6
    # via
    #   black
    #   poetry
    #   virtualenv
plumbum==1.9.0
    # via pandoc
ply==3.11
    # via pandoc
poetry==2.1.1
    # via poetry-plugin-export
poetry-core==2.1.1
    # via
    #   poetry
    #   poetry-plugin-export
poetry-plugin-export==1.9.0
    # via mindframe (pyproject.toml)
posthog==3.11.0
    # via haystack-ai
prompt-toolkit==3.0.50
    # via
    #   click-repl
    #   ipython
propcache==0.3.0
    # via
    #   aiohttp
    #   yarl
psycopg==3.2.4
    # via pgvector-haystack
psycopg-binary==3.2.4
    # via psycopg
psycopg2-binary==2.9.10
    # via mindframe (pyproject.toml)
ptyprocess==0.7.0
    # via pexpect
pure-eval==0.2.3
    # via stack-data
pycparser==2.22
    # via cffi
pydantic==2.10.6
    # via
    #   mindframe (pyproject.toml)
    #   django-ninja
    #   fastapi
    #   gradio
    #   haystack-ai
    #   haystack-experimental
    #   instructor
    #   langchain
    #   langchain-core
    #   langfuse
    #   langsmith
    #   openai
pydantic-core==2.27.2
    # via
    #   instructor
    #   pydantic
pydub==0.25.1
    # via gradio
pygments==2.19.1
    # via
    #   ipython
    #   rich
pyproject-hooks==1.2.0
    # via
    #   build
    #   poetry
python-box==7.3.2
    # via mindframe (pyproject.toml)
python-dateutil==2.9.0.post0
    # via
    #   botocore
    #   celery
    #   haystack-ai
    #   pandas
    #   posthog
python-decouple==3.8
    # via mindframe (pyproject.toml)
python-magic==0.4.27
    # via mindframe (pyproject.toml)
python-multipart==0.0.20
    # via gradio
python-telegram-bot==21.10
    # via mindframe (pyproject.toml)
pytz==2025.1
    # via pandas
pyyaml==6.0.2
    # via
    #   gradio
    #   haystack-ai
    #   huggingface-hub
    #   langchain
    #   langchain-core
    #   openapi-llm
    #   watchdog
rapidfuzz==3.12.1
    # via cleo
rcssmin==1.1.2
    # via django-compressor
redis==5.2.1
    # via mindframe (pyproject.toml)
referencing==0.36.2
    # via
    #   jsonschema
    #   jsonschema-specifications
regex==2024.11.6
    # via
    #   nltk
    #   tiktoken
requests==2.32.3
    # via
    #   mindframe (pyproject.toml)
    #   cachecontrol
    #   haystack-ai
    #   huggingface-hub
    #   instructor
    #   langchain
    #   langfuse
    #   langsmith
    #   openapi-llm
    #   poetry
    #   posthog
    #   requests-toolbelt
    #   tiktoken
requests-toolbelt==1.0.0
    # via
    #   langsmith
    #   poetry
rich==13.9.4
    # via
    #   instructor
    #   typer
rjsmin==1.2.2
    # via django-compressor
rpds-py==0.23.1
    # via
    #   jsonschema
    #   referencing
ruamel-yaml==0.18.10
    # via mindframe (pyproject.toml)
ruamel-yaml-clib==0.2.12
    # via ruamel-yaml
ruff==0.9.7
    # via gradio
rules==3.5
    # via mindframe (pyproject.toml)
s3transfer==0.11.2
    # via boto3
safehttpx==0.1.6
    # via gradio
semantic-version==2.10.0
    # via gradio
setuptools==75.8.0
    # via mindframe (pyproject.toml)
shellingham==1.5.4
    # via
    #   poetry
    #   typer
shortuuid==1.0.13
    # via
    #   mindframe (pyproject.toml)
    #   django-shortuuidfield
six==1.17.0
    # via
    #   django-shortuuidfield
    #   posthog
    #   python-dateutil
sniffio==1.3.1
    # via
    #   anyio
    #   openai
sqlalchemy==2.0.38
    # via langchain
sqlparse==0.5.3
    # via
    #   django
    #   django-debug-toolbar
stack-data==0.6.3
    # via ipython
starlette==0.45.3
    # via
    #   fastapi
    #   gradio
tenacity==9.0.0
    # via
    #   haystack-ai
    #   instructor
    #   langchain
    #   langchain-core
tiktoken==0.9.0
    # via mindframe (pyproject.toml)
tomlkit==0.13.2
    # via
    #   gradio
    #   poetry
tqdm==4.67.1
    # via
    #   haystack-ai
    #   huggingface-hub
    #   nltk
    #   openai
traitlets==5.14.3
    # via
    #   ipython
    #   matplotlib-inline
trove-classifiers==2025.2.18.16
    # via poetry
typer==0.15.1
    # via
    #   gradio
    #   instructor
typing-extensions==4.12.2
    # via
    #   anyio
    #   dj-database-url
    #   fastapi
    #   gradio
    #   gradio-client
    #   haystack-ai
    #   huggingface-hub
    #   ipython
    #   langchain-core
    #   openai
    #   psycopg
    #   pydantic
    #   pydantic-core
    #   referencing
    #   sqlalchemy
    #   typer
tzdata==2025.1
    # via
    #   celery
    #   kombu
    #   pandas
urllib3==2.3.0
    # via
    #   botocore
    #   dulwich
    #   requests
uvicorn==0.34.0
    # via
    #   mindframe (pyproject.toml)
    #   gradio
vine==5.1.0
    # via
    #   amqp
    #   celery
    #   kombu
virtualenv==20.29.2
    # via poetry
watchdog==6.0.0
    # via mindframe (pyproject.toml)
watchfiles==1.0.4
    # via mindframe (pyproject.toml)
wcwidth==0.2.13
    # via prompt-toolkit
websockets==14.2
    # via gradio-client
werkzeug==3.1.3
    # via mindframe (pyproject.toml)
whitenoise==6.9.0
    # via mindframe (pyproject.toml)
wrapt==1.17.2
    # via langfuse
xattr==1.1.4
    # via poetry
yarl==1.18.3
    # via aiohttp
zipp==3.21.0
    # via importlib-metadata
zstandard==0.23.0
    # via
    #   langsmith
    #   pbs-installer
